
Microsoft Visual Studio Solution File, Format Version 12.00
# Visual Studio Version 16
VisualStudioVersion = 16.0.29709.97
MinimumVisualStudioVersion = 10.0.40219.1
Project("{FAE04EC0-301F-11D3-BF4B-00C04F79EFBC}") = "E2KMovil.UWP", "E2KMovil\E2KMovil.UWP\E2KMovil.UWP.csproj", "{660FCDBF-C5F2-4E6D-A12E-F05E5BA20627}"
EndProject
Project("{FAE04EC0-301F-11D3-BF4B-00C04F79EFBC}") = "E2KMovil.Android", "E2KMovil\E2KMovil.Android\E2KMovil.Android.csproj", "{1A5D3D61-30DB-479A-AFAF-EA265036A3D1}"
EndProject
Project("{FAE04EC0-301F-11D3-BF4B-00C04F79EFBC}") = "E2KMovil", "E2KMovil\E2KMovil\E2KMovil.csproj", "{BE2BCD5E-4504-4932-B4BF-88929A415B09}"
EndProject
Global
	GlobalSection(SolutionConfigurationPlatforms) = preSolution
		Debug|Any CPU = Debug|Any CPU
		Debug|ARM = Debug|ARM
		Debug|x64 = Debug|x64
		Debug|x86 = Debug|x86
		Release|Any CPU = Release|Any CPU
		Release|ARM = Release|ARM
		Release|x64 = Release|x64
		Release|x86 = Release|x86
	EndGlobalSection
	GlobalSection(ProjectConfigurationPlatforms) = postSolution
		{660FCDBF-C5F2-4E6D-A12E-F05E5BA20627}.Debug|Any CPU.ActiveCfg = Debug|x86
		{660FCDBF-C5F2-4E6D-A12E-F05E5BA20627}.Debug|Any CPU.Build.0 = Debug|x86
		{660FCDBF-C5F2-4E6D-A12E-F05E5BA20627}.Debug|Any CPU.Deploy.0 = Debug|x86
		{660FCDBF-C5F2-4E6D-A12E-F05E5BA20627}.Debug|ARM.ActiveCfg = Debug|ARM
		{660FCDBF-C5F2-4E6D-A12E-F05E5BA20627}.Debug|ARM.Build.0 = Debug|ARM
		{660FCDBF-C5F2-4E6D-A12E-F05E5BA20627}.Debug|ARM.Deploy.0 = Debug|ARM
		{660FCDBF-C5F2-4E6D-A12E-F05E5BA20627}.Debug|x64.ActiveCfg = Debug|x64
		{660FCDBF-C5F2-4E6D-A12E-F05E5BA20627}.Debug|x64.Build.0 = Debug|x64
		{660FCDBF-C5F2-4E6D-A12E-F05E5BA20627}.Debug|x64.Deploy.0 = Debug|x64
		{660FCDBF-C5F2-4E6D-A12E-F05E5BA20627}.Debug|x86.ActiveCfg = Debug|x86
		{660FCDBF-C5F2-4E6D-A12E-F05E5BA20627}.Debug|x86.Build.0 = Debug|x86
		{660FCDBF-C5F2-4E6D-A12E-F05E5BA20627}.Debug|x86.Deploy.0 = Debug|x86
		{660FCDBF-C5F2-4E6D-A12E-F05E5BA20627}.Release|Any CPU.ActiveCfg = Release|x86
		{660FCDBF-C5F2-4E6D-A12E-F05E5BA20627}.Release|Any CPU.Build.0 = Release|x86
		{660FCDBF-C5F2-4E6D-A12E-F05E5BA20627}.Release|Any CPU.Deploy.0 = Release|x86
		{660FCDBF-C5F2-4E6D-A12E-F05E5BA20627}.Release|ARM.ActiveCfg = Release|ARM
		{660FCDBF-C5F2-4E6D-A12E-F05E5BA20627}.Release|ARM.Build.0 = Release|ARM
		{660FCDBF-C5F2-4E6D-A12E-F05E5BA20627}.Release|ARM.Deploy.0 = Release|ARM
		{660FCDBF-C5F2-4E6D-A12E-F05E5BA20627}.Release|x64.ActiveCfg = Release|x64
		{660FCDBF-C5F2-4E6D-A12E-F05E5BA20627}.Release|x64.Build.0 = Release|x64
		{660FCDBF-C5F2-4E6D-A12E-F05E5BA20627}.Release|x64.Deploy.0 = Release|x64
		{660FCDBF-C5F2-4E6D-A12E-F05E5BA20627}.Release|x86.ActiveCfg = Release|x86
		{660FCDBF-C5F2-4E6D-A12E-F05E5BA20627}.Release|x86.Build.0 = Release|x86
		{660FCDBF-C5F2-4E6D-A12E-F05E5BA20627}.Release|x86.Deploy.0 = Release|x86
		{1A5D3D61-30DB-479A-AFAF-EA265036A3D1}.Debug|Any CPU.ActiveCfg = Debug|Any CPU
		{1A5D3D61-30DB-479A-AFAF-EA265036A3D1}.Debug|Any CPU.Build.0 = Debug|Any CPU
		{1A5D3D61-30DB-479A-AFAF-EA265036A3D1}.Debug|Any CPU.Deploy.0 = Debug|Any CPU
		{1A5D3D61-30DB-479A-AFAF-EA265036A3D1}.Debug|ARM.ActiveCfg = Debug|Any CPU
		{1A5D3D61-30DB-479A-AFAF-EA265036A3D1}.Debug|ARM.Build.0 = Debug|Any CPU
		{1A5D3D61-30DB-479A-AFAF-EA265036A3D1}.Debug|ARM.Deploy.0 = Debug|Any CPU
		{1A5D3D61-30DB-479A-AFAF-EA265036A3D1}.Debug|x64.ActiveCfg = Debug|Any CPU
		{1A5D3D61-30DB-479A-AFAF-EA265036A3D1}.Debug|x64.Build.0 = Debug|Any CPU
		{1A5D3D61-30DB-479A-AFAF-EA265036A3D1}.Debug|x64.Deploy.0 = Debug|Any CPU
		{1A5D3D61-30DB-479A-AFAF-EA265036A3D1}.Debug|x86.ActiveCfg = Debug|Any CPU
		{1A5D3D61-30DB-479A-AFAF-EA265036A3D1}.Debug|x86.Build.0 = Debug|Any CPU
		{1A5D3D61-30DB-479A-AFAF-EA265036A3D1}.Debug|x86.Deploy.0 = Debug|Any CPU
		{1A5D3D61-30DB-479A-AFAF-EA265036A3D1}.Release|Any CPU.ActiveCfg = Release|Any CPU
		{1A5D3D61-30DB-479A-AFAF-EA265036A3D1}.Release|Any CPU.Build.0 = Release|Any CPU
		{1A5D3D61-30DB-479A-AFAF-EA265036A3D1}.Release|Any CPU.Deploy.0 = Release|Any CPU
		{1A5D3D61-30DB-479A-AFAF-EA265036A3D1}.Release|ARM.ActiveCfg = Release|Any CPU
		{1A5D3D61-30DB-479A-AFAF-EA265036A3D1}.Release|ARM.Build.0 = Release|Any CPU
		{1A5D3D61-30DB-479A-AFAF-EA265036A3D1}.Release|ARM.Deploy.0 = Release|Any CPU
		{1A5D3D61-30DB-479A-AFAF-EA265036A3D1}.Release|x64.ActiveCfg = Release|Any CPU
		{1A5D3D61-30DB-479A-AFAF-EA265036A3D1}.Release|x64.Build.0 = Release|Any CPU
		{1A5D3D61-30DB-479A-AFAF-EA265036A3D1}.Release|x64.Deploy.0 = Release|Any CPU
		{1A5D3D61-30DB-479A-AFAF-EA265036A3D1}.Release|x86.ActiveCfg = Release|Any CPU
		{1A5D3D61-30DB-479A-AFAF-EA265036A3D1}.Release|x86.Build.0 = Release|Any CPU
		{1A5D3D61-30DB-479A-AFAF-EA265036A3D1}.Release|x86.Deploy.0 = Release|Any CPU
		{BE2BCD5E-4504-4932-B4BF-88929A415B09}.Debug|Any CPU.ActiveCfg = Debug|Any CPU
		{BE2BCD5E-4504-4932-B4BF-88929A415B09}.Debug|Any CPU.Build.0 = Debug|Any CPU
		{BE2BCD5E-4504-4932-B4BF-88929A415B09}.Debug|Any CPU.Deploy.0 = Debug|Any CPU
		{BE2BCD5E-4504-4932-B4BF-88929A415B09}.Debug|ARM.ActiveCfg = Debug|Any CPU
		{BE2BCD5E-4504-4932-B4BF-88929A415B09}.Debug|ARM.Build.0 = Debug|Any CPU
		{BE2BCD5E-4504-4932-B4BF-88929A415B09}.Debug|ARM.Deploy.0 = Debug|Any CPU
		{BE2BCD5E-4504-4932-B4BF-88929A415B09}.Debug|x64.ActiveCfg = Debug|Any CPU
		{BE2BCD5E-4504-4932-B4BF-88929A415B09}.Debug|x64.Build.0 = Debug|Any CPU
		{BE2BCD5E-4504-4932-B4BF-88929A415B09}.Debug|x64.Deploy.0 = Debug|Any CPU
		{BE2BCD5E-4504-4932-B4BF-88929A415B09}.Debug|x86.ActiveCfg = Debug|Any CPU
		{BE2BCD5E-4504-4932-B4BF-88929A415B09}.Debug|x86.Build.0 = Debug|Any CPU
		{BE2BCD5E-4504-4932-B4BF-88929A415B09}.Debug|x86.Deploy.0 = Debug|Any CPU
		{BE2BCD5E-4504-4932-B4BF-88929A415B09}.Release|Any CPU.ActiveCfg = Release|Any CPU
		{BE2BCD5E-4504-4932-B4BF-88929A415B09}.Release|Any CPU.Build.0 = Release|Any CPU
		{BE2BCD5E-4504-4932-B4BF-88929A415B09}.Release|Any CPU.Deploy.0 = Release|Any CPU
		{BE2BCD5E-4504-4932-B4BF-88929A415B09}.Release|ARM.ActiveCfg = Release|Any CPU
		{BE2BCD5E-4504-4932-B4BF-88929A415B09}.Release|ARM.Build.0 = Release|Any CPU
		{BE2BCD5E-4504-4932-B4BF-88929A415B09}.Release|ARM.Deploy.0 = Release|Any CPU
		{BE2BCD5E-4504-4932-B4BF-88929A415B09}.Release|x64.ActiveCfg = Release|Any CPU
		{BE2BCD5E-4504-4932-B4BF-88929A415B09}.Release|x64.Build.0 = Release|Any CPU
		{BE2BCD5E-4504-4932-B4BF-88929A415B09}.Release|x64.Deploy.0 = Release|Any CPU
		{BE2BCD5E-4504-4932-B4BF-88929A415B09}.Release|x86.ActiveCfg = Release|Any CPU
		{BE2BCD5E-4504-4932-B4BF-88929A415B09}.Release|x86.Build.0 = Release|Any CPU
		{BE2BCD5E-4504-4932-B4BF-88929A415B09}.Release|x86.Deploy.0 = Release|Any CPU
	EndGlobalSection
	GlobalSection(SolutionProperties) = preSolution
		HideSolutionNode = FALSE
	EndGlobalSection
	GlobalSection(ExtensibilityGlobals) = postSolution
		SolutionGuid = {06FEEE53-9CA3-4732-9136-709560BF3553}
	EndGlobalSection
EndGlobal
